
Microsoft Visual Studio Solution File, Format Version 12.00
Project("{2150E333-8FDC-42A3-9474-1A3956D46DE8}") = "Domain", "Domain", "{67FA8DF3-8F01-4DED-B578-A4D1D8E7FC0B}"
EndProject
Project("{2150E333-8FDC-42A3-9474-1A3956D46DE8}") = "IOC", "IOC", "{A50415AA-C8D6-4449-8899-FABEF08FCD59}"
EndProject
Project("{2150E333-8FDC-42A3-9474-1A3956D46DE8}") = "Presentation", "Presentation", "{7D7201B7-9FB5-43F7-8958-14750874BF15}"
EndProject
Project("{2150E333-8FDC-42A3-9474-1A3956D46DE8}") = "Application", "Application", "{82971D15-455F-40B6-9D4C-779F706F5476}"
EndProject
Project("{2150E333-8FDC-42A3-9474-1A3956D46DE8}") = "Infrastructure", "Infrastructure", "{495ADDCF-9E9B-4316-8237-0F8771675523}"
EndProject
Project("{FAE04EC0-301F-11D3-BF4B-00C04F79EFBC}") = "ELECON.Application", "ELECON.Application\ELECON.Application.csproj", "{09E20042-41AC-4097-981C-6273B1DB7EE6}"
EndProject
Project("{FAE04EC0-301F-11D3-BF4B-00C04F79EFBC}") = "ELECON.Domain", "ELECON.Domain\ELECON.Domain.csproj", "{96D2A519-FDB5-49E2-A161-DA519C6285F1}"
EndProject
Project("{FAE04EC0-301F-11D3-BF4B-00C04F79EFBC}") = "Elecon.Infrastructure", "Elecon.Infrastructure\Elecon.Infrastructure.csproj", "{06C9294B-F885-4F14-8D43-6B3BD56E4E00}"
EndProject
Project("{FAE04EC0-301F-11D3-BF4B-00C04F79EFBC}") = "ELECON.IOC", "ELECON.IOC\ELECON.IOC.csproj", "{079F2DD6-5C9B-4CC6-B05F-18BA1E51CFED}"
EndProject
Project("{FAE04EC0-301F-11D3-BF4B-00C04F79EFBC}") = "ELECON.Presentation", "ELECON.Presentation\ELECON.Presentation.csproj", "{B433E8F7-F17C-4461-83DE-523BF3C4D94F}"
EndProject
Project("{2150E333-8FDC-42A3-9474-1A3956D46DE8}") = "Solution Items", "Solution Items", "{D64FC719-6624-401D-98DA-D2E9255C8E67}"
	ProjectSection(SolutionItems) = preProject
		compose.yaml = compose.yaml
	EndProjectSection
EndProject
Global
	GlobalSection(SolutionConfigurationPlatforms) = preSolution
		Debug|Any CPU = Debug|Any CPU
		Release|Any CPU = Release|Any CPU
	EndGlobalSection
	GlobalSection(NestedProjects) = preSolution
		{09E20042-41AC-4097-981C-6273B1DB7EE6} = {82971D15-455F-40B6-9D4C-779F706F5476}
		{96D2A519-FDB5-49E2-A161-DA519C6285F1} = {67FA8DF3-8F01-4DED-B578-A4D1D8E7FC0B}
		{06C9294B-F885-4F14-8D43-6B3BD56E4E00} = {495ADDCF-9E9B-4316-8237-0F8771675523}
		{079F2DD6-5C9B-4CC6-B05F-18BA1E51CFED} = {A50415AA-C8D6-4449-8899-FABEF08FCD59}
		{B433E8F7-F17C-4461-83DE-523BF3C4D94F} = {7D7201B7-9FB5-43F7-8958-14750874BF15}
	EndGlobalSection
	GlobalSection(ProjectConfigurationPlatforms) = postSolution
		{09E20042-41AC-4097-981C-6273B1DB7EE6}.Debug|Any CPU.ActiveCfg = Debug|Any CPU
		{09E20042-41AC-4097-981C-6273B1DB7EE6}.Debug|Any CPU.Build.0 = Debug|Any CPU
		{09E20042-41AC-4097-981C-6273B1DB7EE6}.Release|Any CPU.ActiveCfg = Release|Any CPU
		{09E20042-41AC-4097-981C-6273B1DB7EE6}.Release|Any CPU.Build.0 = Release|Any CPU
		{96D2A519-FDB5-49E2-A161-DA519C6285F1}.Debug|Any CPU.ActiveCfg = Debug|Any CPU
		{96D2A519-FDB5-49E2-A161-DA519C6285F1}.Debug|Any CPU.Build.0 = Debug|Any CPU
		{96D2A519-FDB5-49E2-A161-DA519C6285F1}.Release|Any CPU.ActiveCfg = Release|Any CPU
		{96D2A519-FDB5-49E2-A161-DA519C6285F1}.Release|Any CPU.Build.0 = Release|Any CPU
		{06C9294B-F885-4F14-8D43-6B3BD56E4E00}.Debug|Any CPU.ActiveCfg = Debug|Any CPU
		{06C9294B-F885-4F14-8D43-6B3BD56E4E00}.Debug|Any CPU.Build.0 = Debug|Any CPU
		{06C9294B-F885-4F14-8D43-6B3BD56E4E00}.Release|Any CPU.ActiveCfg = Release|Any CPU
		{06C9294B-F885-4F14-8D43-6B3BD56E4E00}.Release|Any CPU.Build.0 = Release|Any CPU
		{079F2DD6-5C9B-4CC6-B05F-18BA1E51CFED}.Debug|Any CPU.ActiveCfg = Debug|Any CPU
		{079F2DD6-5C9B-4CC6-B05F-18BA1E51CFED}.Debug|Any CPU.Build.0 = Debug|Any CPU
		{079F2DD6-5C9B-4CC6-B05F-18BA1E51CFED}.Release|Any CPU.ActiveCfg = Release|Any CPU
		{079F2DD6-5C9B-4CC6-B05F-18BA1E51CFED}.Release|Any CPU.Build.0 = Release|Any CPU
		{B433E8F7-F17C-4461-83DE-523BF3C4D94F}.Debug|Any CPU.ActiveCfg = Debug|Any CPU
		{B433E8F7-F17C-4461-83DE-523BF3C4D94F}.Debug|Any CPU.Build.0 = Debug|Any CPU
		{B433E8F7-F17C-4461-83DE-523BF3C4D94F}.Release|Any CPU.ActiveCfg = Release|Any CPU
		{B433E8F7-F17C-4461-83DE-523BF3C4D94F}.Release|Any CPU.Build.0 = Release|Any CPU
	EndGlobalSection
EndGlobal
